
Microsoft Visual Studio Solution File, Format Version 12.00
# Visual Studio 14
VisualStudioVersion = 14.0.25123.0
MinimumVisualStudioVersion = 10.0.40219.1
Project("{39E2626F-3545-4960-A6E8-258AD8476CE5}") = "Android_Server", "Mobile_Server\Android_Server\Android_Server.androidproj", "{46CEFDF4-DD4E-4BA0-9238-115CCBD2B717}"
EndProject
Project("{8BC9CEB8-8B4A-11D0-8D11-00A0C91BC942}") = "Android_RDPServerBindings", "Mobile_Server\Android_RDPServerBindings\Android_RDPServerBindings.vcxproj", "{318E7084-9BEB-40FF-90D0-0F6F5E437B16}"
EndProject
Project("{8BC9CEB8-8B4A-11D0-8D11-00A0C91BC942}") = "Core", "Core\Core.vcxitems", "{45D41ACC-2C3C-43D2-BC10-02AA73FFC7C7}"
EndProject
Global
	GlobalSection(SharedMSBuildProjectFiles) = preSolution
		Core\Core.vcxitems*{318e7084-9beb-40ff-90d0-0f6f5e437b16}*SharedItemsImports = 4
		Core\Core.vcxitems*{45d41acc-2c3c-43d2-bc10-02aa73ffc7c7}*SharedItemsImports = 9
	EndGlobalSection
	GlobalSection(SolutionConfigurationPlatforms) = preSolution
		Debug|ARM = Debug|ARM
		Debug|ARM64 = Debug|ARM64
		Debug|x64 = Debug|x64
		Debug|x86 = Debug|x86
		Release|ARM = Release|ARM
		Release|ARM64 = Release|ARM64
		Release|x64 = Release|x64
		Release|x86 = Release|x86
	EndGlobalSection
	GlobalSection(ProjectConfigurationPlatforms) = postSolution
		{46CEFDF4-DD4E-4BA0-9238-115CCBD2B717}.Debug|ARM.ActiveCfg = Debug|ARM
		{46CEFDF4-DD4E-4BA0-9238-115CCBD2B717}.Debug|ARM.Build.0 = Debug|ARM
		{46CEFDF4-DD4E-4BA0-9238-115CCBD2B717}.Debug|ARM.Deploy.0 = Debug|ARM
		{46CEFDF4-DD4E-4BA0-9238-115CCBD2B717}.Debug|ARM64.ActiveCfg = Debug|ARM64
		{46CEFDF4-DD4E-4BA0-9238-115CCBD2B717}.Debug|ARM64.Build.0 = Debug|ARM64
		{46CEFDF4-DD4E-4BA0-9238-115CCBD2B717}.Debug|ARM64.Deploy.0 = Debug|ARM64
		{46CEFDF4-DD4E-4BA0-9238-115CCBD2B717}.Debug|x64.ActiveCfg = Debug|x64
		{46CEFDF4-DD4E-4BA0-9238-115CCBD2B717}.Debug|x64.Build.0 = Debug|x64
		{46CEFDF4-DD4E-4BA0-9238-115CCBD2B717}.Debug|x64.Deploy.0 = Debug|x64
		{46CEFDF4-DD4E-4BA0-9238-115CCBD2B717}.Debug|x86.ActiveCfg = Debug|x86
		{46CEFDF4-DD4E-4BA0-9238-115CCBD2B717}.Debug|x86.Build.0 = Debug|x86
		{46CEFDF4-DD4E-4BA0-9238-115CCBD2B717}.Debug|x86.Deploy.0 = Debug|x86
		{46CEFDF4-DD4E-4BA0-9238-115CCBD2B717}.Release|ARM.ActiveCfg = Release|ARM
		{46CEFDF4-DD4E-4BA0-9238-115CCBD2B717}.Release|ARM.Build.0 = Release|ARM
		{46CEFDF4-DD4E-4BA0-9238-115CCBD2B717}.Release|ARM.Deploy.0 = Release|ARM
		{46CEFDF4-DD4E-4BA0-9238-115CCBD2B717}.Release|ARM64.ActiveCfg = Release|ARM64
		{46CEFDF4-DD4E-4BA0-9238-115CCBD2B717}.Release|ARM64.Build.0 = Release|ARM64
		{46CEFDF4-DD4E-4BA0-9238-115CCBD2B717}.Release|ARM64.Deploy.0 = Release|ARM64
		{46CEFDF4-DD4E-4BA0-9238-115CCBD2B717}.Release|x64.ActiveCfg = Release|x64
		{46CEFDF4-DD4E-4BA0-9238-115CCBD2B717}.Release|x64.Build.0 = Release|x64
		{46CEFDF4-DD4E-4BA0-9238-115CCBD2B717}.Release|x64.Deploy.0 = Release|x64
		{46CEFDF4-DD4E-4BA0-9238-115CCBD2B717}.Release|x86.ActiveCfg = Release|x86
		{46CEFDF4-DD4E-4BA0-9238-115CCBD2B717}.Release|x86.Build.0 = Release|x86
		{46CEFDF4-DD4E-4BA0-9238-115CCBD2B717}.Release|x86.Deploy.0 = Release|x86
		{318E7084-9BEB-40FF-90D0-0F6F5E437B16}.Debug|ARM.ActiveCfg = Debug|ARM
		{318E7084-9BEB-40FF-90D0-0F6F5E437B16}.Debug|ARM.Build.0 = Debug|ARM
		{318E7084-9BEB-40FF-90D0-0F6F5E437B16}.Debug|ARM64.ActiveCfg = Debug|ARM64
		{318E7084-9BEB-40FF-90D0-0F6F5E437B16}.Debug|ARM64.Build.0 = Debug|ARM64
		{318E7084-9BEB-40FF-90D0-0F6F5E437B16}.Debug|x64.ActiveCfg = Debug|x64
		{318E7084-9BEB-40FF-90D0-0F6F5E437B16}.Debug|x64.Build.0 = Debug|x64
		{318E7084-9BEB-40FF-90D0-0F6F5E437B16}.Debug|x86.ActiveCfg = Debug|x86
		{318E7084-9BEB-40FF-90D0-0F6F5E437B16}.Debug|x86.Build.0 = Debug|x86
		{318E7084-9BEB-40FF-90D0-0F6F5E437B16}.Release|ARM.ActiveCfg = Release|ARM
		{318E7084-9BEB-40FF-90D0-0F6F5E437B16}.Release|ARM.Build.0 = Release|ARM
		{318E7084-9BEB-40FF-90D0-0F6F5E437B16}.Release|ARM64.ActiveCfg = Release|ARM64
		{318E7084-9BEB-40FF-90D0-0F6F5E437B16}.Release|ARM64.Build.0 = Release|ARM64
		{318E7084-9BEB-40FF-90D0-0F6F5E437B16}.Release|x64.ActiveCfg = Release|x64
		{318E7084-9BEB-40FF-90D0-0F6F5E437B16}.Release|x64.Build.0 = Release|x64
		{318E7084-9BEB-40FF-90D0-0F6F5E437B16}.Release|x86.ActiveCfg = Release|x86
		{318E7084-9BEB-40FF-90D0-0F6F5E437B16}.Release|x86.Build.0 = Release|x86
	EndGlobalSection
	GlobalSection(SolutionProperties) = preSolution
		HideSolutionNode = FALSE
	EndGlobalSection
EndGlobal
