
Microsoft Visual Studio Solution File, Format Version 12.00
# Visual Studio 14
VisualStudioVersion = 14.0.25123.0
MinimumVisualStudioVersion = 10.0.40219.1
Project("{39E2626F-3545-4960-A6E8-258AD8476CE5}") = "Android_Server.Packaging", "Server\Android.Packaging\Android_Server.Packaging.androidproj", "{E47327A2-A8E2-42E8-A419-E9B0E83E9FAD}"
EndProject
Project("{8BC9CEB8-8B4A-11D0-8D11-00A0C91BC942}") = "Android_Server.NativeActivity", "Server\Android.NativeActivity\Android_Server.NativeActivity.vcxproj", "{D0A4B417-2242-469C-9503-7D40C8725DFE}"
EndProject
Project("{8BC9CEB8-8B4A-11D0-8D11-00A0C91BC942}") = "Core", "Core\Core.vcxitems", "{45D41ACC-2C3C-43D2-BC10-02AA73FFC7C7}"
EndProject
Global
	GlobalSection(SharedMSBuildProjectFiles) = preSolution
		Core\Core.vcxitems*{d0a4b417-2242-469c-9503-7d40c8725dfe}*SharedItemsImports = 4
	EndGlobalSection
	GlobalSection(SolutionConfigurationPlatforms) = preSolution
		Debug|ARM = Debug|ARM
		Debug|ARM64 = Debug|ARM64
		Debug|x64 = Debug|x64
		Debug|x86 = Debug|x86
		Release|ARM = Release|ARM
		Release|ARM64 = Release|ARM64
		Release|x64 = Release|x64
		Release|x86 = Release|x86
	EndGlobalSection
	GlobalSection(ProjectConfigurationPlatforms) = postSolution
		{E47327A2-A8E2-42E8-A419-E9B0E83E9FAD}.Debug|ARM.ActiveCfg = Debug|ARM
		{E47327A2-A8E2-42E8-A419-E9B0E83E9FAD}.Debug|ARM.Build.0 = Debug|ARM
		{E47327A2-A8E2-42E8-A419-E9B0E83E9FAD}.Debug|ARM.Deploy.0 = Debug|ARM
		{E47327A2-A8E2-42E8-A419-E9B0E83E9FAD}.Debug|ARM64.ActiveCfg = Debug|ARM64
		{E47327A2-A8E2-42E8-A419-E9B0E83E9FAD}.Debug|ARM64.Build.0 = Debug|ARM64
		{E47327A2-A8E2-42E8-A419-E9B0E83E9FAD}.Debug|ARM64.Deploy.0 = Debug|ARM64
		{E47327A2-A8E2-42E8-A419-E9B0E83E9FAD}.Debug|x64.ActiveCfg = Debug|x64
		{E47327A2-A8E2-42E8-A419-E9B0E83E9FAD}.Debug|x64.Build.0 = Debug|x64
		{E47327A2-A8E2-42E8-A419-E9B0E83E9FAD}.Debug|x64.Deploy.0 = Debug|x64
		{E47327A2-A8E2-42E8-A419-E9B0E83E9FAD}.Debug|x86.ActiveCfg = Debug|x86
		{E47327A2-A8E2-42E8-A419-E9B0E83E9FAD}.Debug|x86.Build.0 = Debug|x86
		{E47327A2-A8E2-42E8-A419-E9B0E83E9FAD}.Debug|x86.Deploy.0 = Debug|x86
		{E47327A2-A8E2-42E8-A419-E9B0E83E9FAD}.Release|ARM.ActiveCfg = Release|ARM
		{E47327A2-A8E2-42E8-A419-E9B0E83E9FAD}.Release|ARM.Build.0 = Release|ARM
		{E47327A2-A8E2-42E8-A419-E9B0E83E9FAD}.Release|ARM.Deploy.0 = Release|ARM
		{E47327A2-A8E2-42E8-A419-E9B0E83E9FAD}.Release|ARM64.ActiveCfg = Release|ARM64
		{E47327A2-A8E2-42E8-A419-E9B0E83E9FAD}.Release|ARM64.Build.0 = Release|ARM64
		{E47327A2-A8E2-42E8-A419-E9B0E83E9FAD}.Release|ARM64.Deploy.0 = Release|ARM64
		{E47327A2-A8E2-42E8-A419-E9B0E83E9FAD}.Release|x64.ActiveCfg = Release|x64
		{E47327A2-A8E2-42E8-A419-E9B0E83E9FAD}.Release|x64.Build.0 = Release|x64
		{E47327A2-A8E2-42E8-A419-E9B0E83E9FAD}.Release|x64.Deploy.0 = Release|x64
		{E47327A2-A8E2-42E8-A419-E9B0E83E9FAD}.Release|x86.ActiveCfg = Release|x86
		{E47327A2-A8E2-42E8-A419-E9B0E83E9FAD}.Release|x86.Build.0 = Release|x86
		{E47327A2-A8E2-42E8-A419-E9B0E83E9FAD}.Release|x86.Deploy.0 = Release|x86
		{D0A4B417-2242-469C-9503-7D40C8725DFE}.Debug|ARM.ActiveCfg = Debug|ARM
		{D0A4B417-2242-469C-9503-7D40C8725DFE}.Debug|ARM.Build.0 = Debug|ARM
		{D0A4B417-2242-469C-9503-7D40C8725DFE}.Debug|ARM64.ActiveCfg = Debug|ARM64
		{D0A4B417-2242-469C-9503-7D40C8725DFE}.Debug|ARM64.Build.0 = Debug|ARM64
		{D0A4B417-2242-469C-9503-7D40C8725DFE}.Debug|x64.ActiveCfg = Debug|x64
		{D0A4B417-2242-469C-9503-7D40C8725DFE}.Debug|x64.Build.0 = Debug|x64
		{D0A4B417-2242-469C-9503-7D40C8725DFE}.Debug|x86.ActiveCfg = Debug|x86
		{D0A4B417-2242-469C-9503-7D40C8725DFE}.Debug|x86.Build.0 = Debug|x86
		{D0A4B417-2242-469C-9503-7D40C8725DFE}.Release|ARM.ActiveCfg = Release|ARM
		{D0A4B417-2242-469C-9503-7D40C8725DFE}.Release|ARM.Build.0 = Release|ARM
		{D0A4B417-2242-469C-9503-7D40C8725DFE}.Release|ARM64.ActiveCfg = Release|ARM64
		{D0A4B417-2242-469C-9503-7D40C8725DFE}.Release|ARM64.Build.0 = Release|ARM64
		{D0A4B417-2242-469C-9503-7D40C8725DFE}.Release|x64.ActiveCfg = Release|x64
		{D0A4B417-2242-469C-9503-7D40C8725DFE}.Release|x64.Build.0 = Release|x64
		{D0A4B417-2242-469C-9503-7D40C8725DFE}.Release|x86.ActiveCfg = Release|x86
		{D0A4B417-2242-469C-9503-7D40C8725DFE}.Release|x86.Build.0 = Release|x86
	EndGlobalSection
	GlobalSection(SolutionProperties) = preSolution
		HideSolutionNode = FALSE
	EndGlobalSection
EndGlobal
