
Microsoft Visual Studio Solution File, Format Version 12.00
# Visual Studio 14
VisualStudioVersion = 14.0.25123.0
MinimumVisualStudioVersion = 10.0.40219.1
Project("{FAE04EC0-301F-11D3-BF4B-00C04F79EFBC}") = "Mobile_Server.Droid", "Mobile_Server\Mobile_Server.Droid\Mobile_Server.Droid.csproj", "{219EBBA8-322F-422E-BBDE-02EF76360AF1}"
EndProject
Project("{FAE04EC0-301F-11D3-BF4B-00C04F79EFBC}") = "Mobile_Server.iOS", "Mobile_Server\Mobile_Server.iOS\Mobile_Server.iOS.csproj", "{4A244CB2-8949-429D-9BF7-A32298DD5810}"
EndProject
Project("{FAE04EC0-301F-11D3-BF4B-00C04F79EFBC}") = "Mobile_Server.WinPhone", "Mobile_Server\Mobile_Server.WinPhone\Mobile_Server.WinPhone.csproj", "{208806A2-556F-489E-92D0-D26753DA912B}"
EndProject
Project("{D954291E-2A0B-460D-934E-DC6B0785DB48}") = "Mobile_Server", "Mobile_Server\Mobile_Server\Mobile_Server.shproj", "{BDDE746D-DBA3-4E1B-ADE4-EB2CB5D3B377}"
EndProject
Project("{8BC9CEB8-8B4A-11D0-8D11-00A0C91BC942}") = "Core", "Core\Core.vcxitems", "{45D41ACC-2C3C-43D2-BC10-02AA73FFC7C7}"
EndProject
Global
	GlobalSection(SharedMSBuildProjectFiles) = preSolution
		Mobile_Server\Mobile_Server\Mobile_Server.projitems*{bdde746d-dba3-4e1b-ade4-eb2cb5d3b377}*SharedItemsImports = 13
		Mobile_Server\Mobile_Server\Mobile_Server.projitems*{219ebba8-322f-422e-bbde-02ef76360af1}*SharedItemsImports = 4
		Core\Core.vcxitems*{45d41acc-2c3c-43d2-bc10-02aa73ffc7c7}*SharedItemsImports = 9
	EndGlobalSection
	GlobalSection(SolutionConfigurationPlatforms) = preSolution
		Ad-Hoc|Any CPU = Ad-Hoc|Any CPU
		Ad-Hoc|ARM = Ad-Hoc|ARM
		Ad-Hoc|iPhone = Ad-Hoc|iPhone
		Ad-Hoc|iPhoneSimulator = Ad-Hoc|iPhoneSimulator
		Ad-Hoc|x64 = Ad-Hoc|x64
		Ad-Hoc|x86 = Ad-Hoc|x86
		AppStore|Any CPU = AppStore|Any CPU
		AppStore|ARM = AppStore|ARM
		AppStore|iPhone = AppStore|iPhone
		AppStore|iPhoneSimulator = AppStore|iPhoneSimulator
		AppStore|x64 = AppStore|x64
		AppStore|x86 = AppStore|x86
		Debug|Any CPU = Debug|Any CPU
		Debug|ARM = Debug|ARM
		Debug|iPhone = Debug|iPhone
		Debug|iPhoneSimulator = Debug|iPhoneSimulator
		Debug|x64 = Debug|x64
		Debug|x86 = Debug|x86
		Release|Any CPU = Release|Any CPU
		Release|ARM = Release|ARM
		Release|iPhone = Release|iPhone
		Release|iPhoneSimulator = Release|iPhoneSimulator
		Release|x64 = Release|x64
		Release|x86 = Release|x86
	EndGlobalSection
	GlobalSection(ProjectConfigurationPlatforms) = postSolution
		{219EBBA8-322F-422E-BBDE-02EF76360AF1}.Ad-Hoc|Any CPU.ActiveCfg = Release|Any CPU
		{219EBBA8-322F-422E-BBDE-02EF76360AF1}.Ad-Hoc|Any CPU.Build.0 = Release|Any CPU
		{219EBBA8-322F-422E-BBDE-02EF76360AF1}.Ad-Hoc|Any CPU.Deploy.0 = Release|Any CPU
		{219EBBA8-322F-422E-BBDE-02EF76360AF1}.Ad-Hoc|ARM.ActiveCfg = Release|Any CPU
		{219EBBA8-322F-422E-BBDE-02EF76360AF1}.Ad-Hoc|ARM.Build.0 = Release|Any CPU
		{219EBBA8-322F-422E-BBDE-02EF76360AF1}.Ad-Hoc|ARM.Deploy.0 = Release|Any CPU
		{219EBBA8-322F-422E-BBDE-02EF76360AF1}.Ad-Hoc|iPhone.ActiveCfg = Release|Any CPU
		{219EBBA8-322F-422E-BBDE-02EF76360AF1}.Ad-Hoc|iPhone.Build.0 = Release|Any CPU
		{219EBBA8-322F-422E-BBDE-02EF76360AF1}.Ad-Hoc|iPhone.Deploy.0 = Release|Any CPU
		{219EBBA8-322F-422E-BBDE-02EF76360AF1}.Ad-Hoc|iPhoneSimulator.ActiveCfg = Release|Any CPU
		{219EBBA8-322F-422E-BBDE-02EF76360AF1}.Ad-Hoc|iPhoneSimulator.Build.0 = Release|Any CPU
		{219EBBA8-322F-422E-BBDE-02EF76360AF1}.Ad-Hoc|iPhoneSimulator.Deploy.0 = Release|Any CPU
		{219EBBA8-322F-422E-BBDE-02EF76360AF1}.Ad-Hoc|x64.ActiveCfg = Release|Any CPU
		{219EBBA8-322F-422E-BBDE-02EF76360AF1}.Ad-Hoc|x64.Build.0 = Release|Any CPU
		{219EBBA8-322F-422E-BBDE-02EF76360AF1}.Ad-Hoc|x64.Deploy.0 = Release|Any CPU
		{219EBBA8-322F-422E-BBDE-02EF76360AF1}.Ad-Hoc|x86.ActiveCfg = Release|Any CPU
		{219EBBA8-322F-422E-BBDE-02EF76360AF1}.Ad-Hoc|x86.Build.0 = Release|Any CPU
		{219EBBA8-322F-422E-BBDE-02EF76360AF1}.Ad-Hoc|x86.Deploy.0 = Release|Any CPU
		{219EBBA8-322F-422E-BBDE-02EF76360AF1}.AppStore|Any CPU.ActiveCfg = Release|Any CPU
		{219EBBA8-322F-422E-BBDE-02EF76360AF1}.AppStore|Any CPU.Build.0 = Release|Any CPU
		{219EBBA8-322F-422E-BBDE-02EF76360AF1}.AppStore|Any CPU.Deploy.0 = Release|Any CPU
		{219EBBA8-322F-422E-BBDE-02EF76360AF1}.AppStore|ARM.ActiveCfg = Release|Any CPU
		{219EBBA8-322F-422E-BBDE-02EF76360AF1}.AppStore|ARM.Build.0 = Release|Any CPU
		{219EBBA8-322F-422E-BBDE-02EF76360AF1}.AppStore|ARM.Deploy.0 = Release|Any CPU
		{219EBBA8-322F-422E-BBDE-02EF76360AF1}.AppStore|iPhone.ActiveCfg = Release|Any CPU
		{219EBBA8-322F-422E-BBDE-02EF76360AF1}.AppStore|iPhone.Build.0 = Release|Any CPU
		{219EBBA8-322F-422E-BBDE-02EF76360AF1}.AppStore|iPhone.Deploy.0 = Release|Any CPU
		{219EBBA8-322F-422E-BBDE-02EF76360AF1}.AppStore|iPhoneSimulator.ActiveCfg = Release|Any CPU
		{219EBBA8-322F-422E-BBDE-02EF76360AF1}.AppStore|iPhoneSimulator.Build.0 = Release|Any CPU
		{219EBBA8-322F-422E-BBDE-02EF76360AF1}.AppStore|iPhoneSimulator.Deploy.0 = Release|Any CPU
		{219EBBA8-322F-422E-BBDE-02EF76360AF1}.AppStore|x64.ActiveCfg = Release|Any CPU
		{219EBBA8-322F-422E-BBDE-02EF76360AF1}.AppStore|x64.Build.0 = Release|Any CPU
		{219EBBA8-322F-422E-BBDE-02EF76360AF1}.AppStore|x64.Deploy.0 = Release|Any CPU
		{219EBBA8-322F-422E-BBDE-02EF76360AF1}.AppStore|x86.ActiveCfg = Release|Any CPU
		{219EBBA8-322F-422E-BBDE-02EF76360AF1}.AppStore|x86.Build.0 = Release|Any CPU
		{219EBBA8-322F-422E-BBDE-02EF76360AF1}.AppStore|x86.Deploy.0 = Release|Any CPU
		{219EBBA8-322F-422E-BBDE-02EF76360AF1}.Debug|Any CPU.ActiveCfg = Debug|Any CPU
		{219EBBA8-322F-422E-BBDE-02EF76360AF1}.Debug|Any CPU.Build.0 = Debug|Any CPU
		{219EBBA8-322F-422E-BBDE-02EF76360AF1}.Debug|Any CPU.Deploy.0 = Debug|Any CPU
		{219EBBA8-322F-422E-BBDE-02EF76360AF1}.Debug|ARM.ActiveCfg = Debug|Any CPU
		{219EBBA8-322F-422E-BBDE-02EF76360AF1}.Debug|ARM.Build.0 = Debug|Any CPU
		{219EBBA8-322F-422E-BBDE-02EF76360AF1}.Debug|ARM.Deploy.0 = Debug|Any CPU
		{219EBBA8-322F-422E-BBDE-02EF76360AF1}.Debug|iPhone.ActiveCfg = Debug|Any CPU
		{219EBBA8-322F-422E-BBDE-02EF76360AF1}.Debug|iPhone.Build.0 = Debug|Any CPU
		{219EBBA8-322F-422E-BBDE-02EF76360AF1}.Debug|iPhone.Deploy.0 = Debug|Any CPU
		{219EBBA8-322F-422E-BBDE-02EF76360AF1}.Debug|iPhoneSimulator.ActiveCfg = Debug|Any CPU
		{219EBBA8-322F-422E-BBDE-02EF76360AF1}.Debug|iPhoneSimulator.Build.0 = Debug|Any CPU
		{219EBBA8-322F-422E-BBDE-02EF76360AF1}.Debug|iPhoneSimulator.Deploy.0 = Debug|Any CPU
		{219EBBA8-322F-422E-BBDE-02EF76360AF1}.Debug|x64.ActiveCfg = Debug|Any CPU
		{219EBBA8-322F-422E-BBDE-02EF76360AF1}.Debug|x64.Build.0 = Debug|Any CPU
		{219EBBA8-322F-422E-BBDE-02EF76360AF1}.Debug|x64.Deploy.0 = Debug|Any CPU
		{219EBBA8-322F-422E-BBDE-02EF76360AF1}.Debug|x86.ActiveCfg = Debug|Any CPU
		{219EBBA8-322F-422E-BBDE-02EF76360AF1}.Debug|x86.Build.0 = Debug|Any CPU
		{219EBBA8-322F-422E-BBDE-02EF76360AF1}.Debug|x86.Deploy.0 = Debug|Any CPU
		{219EBBA8-322F-422E-BBDE-02EF76360AF1}.Release|Any CPU.ActiveCfg = Release|Any CPU
		{219EBBA8-322F-422E-BBDE-02EF76360AF1}.Release|Any CPU.Build.0 = Release|Any CPU
		{219EBBA8-322F-422E-BBDE-02EF76360AF1}.Release|Any CPU.Deploy.0 = Release|Any CPU
		{219EBBA8-322F-422E-BBDE-02EF76360AF1}.Release|ARM.ActiveCfg = Release|Any CPU
		{219EBBA8-322F-422E-BBDE-02EF76360AF1}.Release|ARM.Build.0 = Release|Any CPU
		{219EBBA8-322F-422E-BBDE-02EF76360AF1}.Release|ARM.Deploy.0 = Release|Any CPU
		{219EBBA8-322F-422E-BBDE-02EF76360AF1}.Release|iPhone.ActiveCfg = Release|Any CPU
		{219EBBA8-322F-422E-BBDE-02EF76360AF1}.Release|iPhone.Build.0 = Release|Any CPU
		{219EBBA8-322F-422E-BBDE-02EF76360AF1}.Release|iPhone.Deploy.0 = Release|Any CPU
		{219EBBA8-322F-422E-BBDE-02EF76360AF1}.Release|iPhoneSimulator.ActiveCfg = Release|Any CPU
		{219EBBA8-322F-422E-BBDE-02EF76360AF1}.Release|iPhoneSimulator.Build.0 = Release|Any CPU
		{219EBBA8-322F-422E-BBDE-02EF76360AF1}.Release|iPhoneSimulator.Deploy.0 = Release|Any CPU
		{219EBBA8-322F-422E-BBDE-02EF76360AF1}.Release|x64.ActiveCfg = Release|Any CPU
		{219EBBA8-322F-422E-BBDE-02EF76360AF1}.Release|x64.Build.0 = Release|Any CPU
		{219EBBA8-322F-422E-BBDE-02EF76360AF1}.Release|x64.Deploy.0 = Release|Any CPU
		{219EBBA8-322F-422E-BBDE-02EF76360AF1}.Release|x86.ActiveCfg = Release|Any CPU
		{219EBBA8-322F-422E-BBDE-02EF76360AF1}.Release|x86.Build.0 = Release|Any CPU
		{219EBBA8-322F-422E-BBDE-02EF76360AF1}.Release|x86.Deploy.0 = Release|Any CPU
		{4A244CB2-8949-429D-9BF7-A32298DD5810}.Ad-Hoc|Any CPU.ActiveCfg = Ad-Hoc|iPhone
		{4A244CB2-8949-429D-9BF7-A32298DD5810}.Ad-Hoc|ARM.ActiveCfg = Ad-Hoc|iPhone
		{4A244CB2-8949-429D-9BF7-A32298DD5810}.Ad-Hoc|iPhone.ActiveCfg = Ad-Hoc|iPhone
		{4A244CB2-8949-429D-9BF7-A32298DD5810}.Ad-Hoc|iPhone.Build.0 = Ad-Hoc|iPhone
		{4A244CB2-8949-429D-9BF7-A32298DD5810}.Ad-Hoc|iPhoneSimulator.ActiveCfg = Ad-Hoc|iPhoneSimulator
		{4A244CB2-8949-429D-9BF7-A32298DD5810}.Ad-Hoc|iPhoneSimulator.Build.0 = Ad-Hoc|iPhoneSimulator
		{4A244CB2-8949-429D-9BF7-A32298DD5810}.Ad-Hoc|x64.ActiveCfg = Ad-Hoc|iPhone
		{4A244CB2-8949-429D-9BF7-A32298DD5810}.Ad-Hoc|x86.ActiveCfg = Ad-Hoc|iPhone
		{4A244CB2-8949-429D-9BF7-A32298DD5810}.AppStore|Any CPU.ActiveCfg = AppStore|iPhone
		{4A244CB2-8949-429D-9BF7-A32298DD5810}.AppStore|ARM.ActiveCfg = AppStore|iPhone
		{4A244CB2-8949-429D-9BF7-A32298DD5810}.AppStore|iPhone.ActiveCfg = AppStore|iPhone
		{4A244CB2-8949-429D-9BF7-A32298DD5810}.AppStore|iPhone.Build.0 = AppStore|iPhone
		{4A244CB2-8949-429D-9BF7-A32298DD5810}.AppStore|iPhoneSimulator.ActiveCfg = AppStore|iPhoneSimulator
		{4A244CB2-8949-429D-9BF7-A32298DD5810}.AppStore|iPhoneSimulator.Build.0 = AppStore|iPhoneSimulator
		{4A244CB2-8949-429D-9BF7-A32298DD5810}.AppStore|x64.ActiveCfg = AppStore|iPhone
		{4A244CB2-8949-429D-9BF7-A32298DD5810}.AppStore|x86.ActiveCfg = AppStore|iPhone
		{4A244CB2-8949-429D-9BF7-A32298DD5810}.Debug|Any CPU.ActiveCfg = Debug|iPhone
		{4A244CB2-8949-429D-9BF7-A32298DD5810}.Debug|ARM.ActiveCfg = Debug|iPhone
		{4A244CB2-8949-429D-9BF7-A32298DD5810}.Debug|iPhone.ActiveCfg = Debug|iPhone
		{4A244CB2-8949-429D-9BF7-A32298DD5810}.Debug|iPhone.Build.0 = Debug|iPhone
		{4A244CB2-8949-429D-9BF7-A32298DD5810}.Debug|iPhoneSimulator.ActiveCfg = Debug|iPhoneSimulator
		{4A244CB2-8949-429D-9BF7-A32298DD5810}.Debug|iPhoneSimulator.Build.0 = Debug|iPhoneSimulator
		{4A244CB2-8949-429D-9BF7-A32298DD5810}.Debug|x64.ActiveCfg = Debug|iPhone
		{4A244CB2-8949-429D-9BF7-A32298DD5810}.Debug|x86.ActiveCfg = Debug|iPhone
		{4A244CB2-8949-429D-9BF7-A32298DD5810}.Release|Any CPU.ActiveCfg = Release|iPhone
		{4A244CB2-8949-429D-9BF7-A32298DD5810}.Release|ARM.ActiveCfg = Release|iPhone
		{4A244CB2-8949-429D-9BF7-A32298DD5810}.Release|iPhone.ActiveCfg = Release|iPhone
		{4A244CB2-8949-429D-9BF7-A32298DD5810}.Release|iPhone.Build.0 = Release|iPhone
		{4A244CB2-8949-429D-9BF7-A32298DD5810}.Release|iPhoneSimulator.ActiveCfg = Release|iPhoneSimulator
		{4A244CB2-8949-429D-9BF7-A32298DD5810}.Release|iPhoneSimulator.Build.0 = Release|iPhoneSimulator
		{4A244CB2-8949-429D-9BF7-A32298DD5810}.Release|x64.ActiveCfg = Release|iPhone
		{4A244CB2-8949-429D-9BF7-A32298DD5810}.Release|x86.ActiveCfg = Release|iPhone
		{208806A2-556F-489E-92D0-D26753DA912B}.Ad-Hoc|Any CPU.ActiveCfg = Release|Any CPU
		{208806A2-556F-489E-92D0-D26753DA912B}.Ad-Hoc|Any CPU.Build.0 = Release|Any CPU
		{208806A2-556F-489E-92D0-D26753DA912B}.Ad-Hoc|Any CPU.Deploy.0 = Release|Any CPU
		{208806A2-556F-489E-92D0-D26753DA912B}.Ad-Hoc|ARM.ActiveCfg = Release|ARM
		{208806A2-556F-489E-92D0-D26753DA912B}.Ad-Hoc|ARM.Build.0 = Release|ARM
		{208806A2-556F-489E-92D0-D26753DA912B}.Ad-Hoc|ARM.Deploy.0 = Release|ARM
		{208806A2-556F-489E-92D0-D26753DA912B}.Ad-Hoc|iPhone.ActiveCfg = Release|Any CPU
		{208806A2-556F-489E-92D0-D26753DA912B}.Ad-Hoc|iPhone.Build.0 = Release|Any CPU
		{208806A2-556F-489E-92D0-D26753DA912B}.Ad-Hoc|iPhone.Deploy.0 = Release|Any CPU
		{208806A2-556F-489E-92D0-D26753DA912B}.Ad-Hoc|iPhoneSimulator.ActiveCfg = Release|Any CPU
		{208806A2-556F-489E-92D0-D26753DA912B}.Ad-Hoc|iPhoneSimulator.Build.0 = Release|Any CPU
		{208806A2-556F-489E-92D0-D26753DA912B}.Ad-Hoc|iPhoneSimulator.Deploy.0 = Release|Any CPU
		{208806A2-556F-489E-92D0-D26753DA912B}.Ad-Hoc|x64.ActiveCfg = Release|Any CPU
		{208806A2-556F-489E-92D0-D26753DA912B}.Ad-Hoc|x64.Build.0 = Release|Any CPU
		{208806A2-556F-489E-92D0-D26753DA912B}.Ad-Hoc|x64.Deploy.0 = Release|Any CPU
		{208806A2-556F-489E-92D0-D26753DA912B}.Ad-Hoc|x86.ActiveCfg = Release|x86
		{208806A2-556F-489E-92D0-D26753DA912B}.Ad-Hoc|x86.Build.0 = Release|x86
		{208806A2-556F-489E-92D0-D26753DA912B}.Ad-Hoc|x86.Deploy.0 = Release|x86
		{208806A2-556F-489E-92D0-D26753DA912B}.AppStore|Any CPU.ActiveCfg = Release|Any CPU
		{208806A2-556F-489E-92D0-D26753DA912B}.AppStore|Any CPU.Build.0 = Release|Any CPU
		{208806A2-556F-489E-92D0-D26753DA912B}.AppStore|Any CPU.Deploy.0 = Release|Any CPU
		{208806A2-556F-489E-92D0-D26753DA912B}.AppStore|ARM.ActiveCfg = Release|ARM
		{208806A2-556F-489E-92D0-D26753DA912B}.AppStore|ARM.Build.0 = Release|ARM
		{208806A2-556F-489E-92D0-D26753DA912B}.AppStore|ARM.Deploy.0 = Release|ARM
		{208806A2-556F-489E-92D0-D26753DA912B}.AppStore|iPhone.ActiveCfg = Release|Any CPU
		{208806A2-556F-489E-92D0-D26753DA912B}.AppStore|iPhone.Build.0 = Release|Any CPU
		{208806A2-556F-489E-92D0-D26753DA912B}.AppStore|iPhone.Deploy.0 = Release|Any CPU
		{208806A2-556F-489E-92D0-D26753DA912B}.AppStore|iPhoneSimulator.ActiveCfg = Release|Any CPU
		{208806A2-556F-489E-92D0-D26753DA912B}.AppStore|iPhoneSimulator.Build.0 = Release|Any CPU
		{208806A2-556F-489E-92D0-D26753DA912B}.AppStore|iPhoneSimulator.Deploy.0 = Release|Any CPU
		{208806A2-556F-489E-92D0-D26753DA912B}.AppStore|x64.ActiveCfg = Release|Any CPU
		{208806A2-556F-489E-92D0-D26753DA912B}.AppStore|x64.Build.0 = Release|Any CPU
		{208806A2-556F-489E-92D0-D26753DA912B}.AppStore|x64.Deploy.0 = Release|Any CPU
		{208806A2-556F-489E-92D0-D26753DA912B}.AppStore|x86.ActiveCfg = Release|x86
		{208806A2-556F-489E-92D0-D26753DA912B}.AppStore|x86.Build.0 = Release|x86
		{208806A2-556F-489E-92D0-D26753DA912B}.AppStore|x86.Deploy.0 = Release|x86
		{208806A2-556F-489E-92D0-D26753DA912B}.Debug|Any CPU.ActiveCfg = Debug|Any CPU
		{208806A2-556F-489E-92D0-D26753DA912B}.Debug|Any CPU.Build.0 = Debug|Any CPU
		{208806A2-556F-489E-92D0-D26753DA912B}.Debug|Any CPU.Deploy.0 = Debug|Any CPU
		{208806A2-556F-489E-92D0-D26753DA912B}.Debug|ARM.ActiveCfg = Debug|ARM
		{208806A2-556F-489E-92D0-D26753DA912B}.Debug|ARM.Build.0 = Debug|ARM
		{208806A2-556F-489E-92D0-D26753DA912B}.Debug|ARM.Deploy.0 = Debug|ARM
		{208806A2-556F-489E-92D0-D26753DA912B}.Debug|iPhone.ActiveCfg = Debug|Any CPU
		{208806A2-556F-489E-92D0-D26753DA912B}.Debug|iPhone.Build.0 = Debug|Any CPU
		{208806A2-556F-489E-92D0-D26753DA912B}.Debug|iPhone.Deploy.0 = Debug|Any CPU
		{208806A2-556F-489E-92D0-D26753DA912B}.Debug|iPhoneSimulator.ActiveCfg = Debug|Any CPU
		{208806A2-556F-489E-92D0-D26753DA912B}.Debug|iPhoneSimulator.Build.0 = Debug|Any CPU
		{208806A2-556F-489E-92D0-D26753DA912B}.Debug|iPhoneSimulator.Deploy.0 = Debug|Any CPU
		{208806A2-556F-489E-92D0-D26753DA912B}.Debug|x64.ActiveCfg = Debug|Any CPU
		{208806A2-556F-489E-92D0-D26753DA912B}.Debug|x64.Build.0 = Debug|Any CPU
		{208806A2-556F-489E-92D0-D26753DA912B}.Debug|x64.Deploy.0 = Debug|Any CPU
		{208806A2-556F-489E-92D0-D26753DA912B}.Debug|x86.ActiveCfg = Debug|x86
		{208806A2-556F-489E-92D0-D26753DA912B}.Debug|x86.Build.0 = Debug|x86
		{208806A2-556F-489E-92D0-D26753DA912B}.Debug|x86.Deploy.0 = Debug|x86
		{208806A2-556F-489E-92D0-D26753DA912B}.Release|Any CPU.ActiveCfg = Release|Any CPU
		{208806A2-556F-489E-92D0-D26753DA912B}.Release|Any CPU.Build.0 = Release|Any CPU
		{208806A2-556F-489E-92D0-D26753DA912B}.Release|Any CPU.Deploy.0 = Release|Any CPU
		{208806A2-556F-489E-92D0-D26753DA912B}.Release|ARM.ActiveCfg = Release|ARM
		{208806A2-556F-489E-92D0-D26753DA912B}.Release|ARM.Build.0 = Release|ARM
		{208806A2-556F-489E-92D0-D26753DA912B}.Release|ARM.Deploy.0 = Release|ARM
		{208806A2-556F-489E-92D0-D26753DA912B}.Release|iPhone.ActiveCfg = Release|Any CPU
		{208806A2-556F-489E-92D0-D26753DA912B}.Release|iPhone.Build.0 = Release|Any CPU
		{208806A2-556F-489E-92D0-D26753DA912B}.Release|iPhone.Deploy.0 = Release|Any CPU
		{208806A2-556F-489E-92D0-D26753DA912B}.Release|iPhoneSimulator.ActiveCfg = Release|Any CPU
		{208806A2-556F-489E-92D0-D26753DA912B}.Release|iPhoneSimulator.Build.0 = Release|Any CPU
		{208806A2-556F-489E-92D0-D26753DA912B}.Release|iPhoneSimulator.Deploy.0 = Release|Any CPU
		{208806A2-556F-489E-92D0-D26753DA912B}.Release|x64.ActiveCfg = Release|Any CPU
		{208806A2-556F-489E-92D0-D26753DA912B}.Release|x64.Build.0 = Release|Any CPU
		{208806A2-556F-489E-92D0-D26753DA912B}.Release|x64.Deploy.0 = Release|Any CPU
		{208806A2-556F-489E-92D0-D26753DA912B}.Release|x86.ActiveCfg = Release|x86
		{208806A2-556F-489E-92D0-D26753DA912B}.Release|x86.Build.0 = Release|x86
		{208806A2-556F-489E-92D0-D26753DA912B}.Release|x86.Deploy.0 = Release|x86
	EndGlobalSection
	GlobalSection(SolutionProperties) = preSolution
		HideSolutionNode = FALSE
	EndGlobalSection
EndGlobal
