
Microsoft Visual Studio Solution File, Format Version 12.00
# Visual Studio 14
VisualStudioVersion = 14.0.24720.0
MinimumVisualStudioVersion = 10.0.40219.1
Project("{8BC9CEB8-8B4A-11D0-8D11-00A0C91BC942}") = "Server", "Server\Server.vcxproj", "{E7542752-E293-42F4-B5AC-3B6DA41BD908}"
EndProject
Project("{8BC9CEB8-8B4A-11D0-8D11-00A0C91BC942}") = "Core", "Core\Core.vcxproj", "{C870874B-BFFE-4AE9-AD8A-6F1A400381AB}"
EndProject
Project("{8BC9CEB8-8B4A-11D0-8D11-00A0C91BC942}") = "zstdlib", "zstd\visual\2013\zstdlib\zstdlib.vcxproj", "{8BFD8150-94D5-4BF9-8A50-7BD9929A0850}"
EndProject
Project("{2150E333-8FDC-42A3-9474-1A3956D46DE8}") = "fltk", "fltk", "{30F909A6-587A-4723-B8CF-2A9ED07ECCFA}"
EndProject
Project("{8BC9CEB8-8B4A-11D0-8D11-00A0C91BC942}") = "fltk", "fltk\ide\VisualC2010\fltk.lib.vcxproj", "{E070AAFC-9D03-41A3-BC7D-30887EA0D50F}"
EndProject
Project("{8BC9CEB8-8B4A-11D0-8D11-00A0C91BC942}") = "fltkimages", "fltk\ide\VisualC2010\fltkimages.vcxproj", "{6E8E1663-B88D-4454-ADF2-279666A93306}"
EndProject
Global
	GlobalSection(SolutionConfigurationPlatforms) = preSolution
		Debug static|x64 = Debug static|x64
		Debug static|x86 = Debug static|x86
		Debug|x64 = Debug|x64
		Debug|x86 = Debug|x86
		Release DLL|x64 = Release DLL|x64
		Release DLL|x86 = Release DLL|x86
		Release static|x64 = Release static|x64
		Release static|x86 = Release static|x86
		Release|x64 = Release|x64
		Release|x86 = Release|x86
	EndGlobalSection
	GlobalSection(ProjectConfigurationPlatforms) = postSolution
		{E7542752-E293-42F4-B5AC-3B6DA41BD908}.Debug static|x64.ActiveCfg = Debug|x64
		{E7542752-E293-42F4-B5AC-3B6DA41BD908}.Debug static|x64.Build.0 = Debug|x64
		{E7542752-E293-42F4-B5AC-3B6DA41BD908}.Debug static|x86.ActiveCfg = Debug|Win32
		{E7542752-E293-42F4-B5AC-3B6DA41BD908}.Debug static|x86.Build.0 = Debug|Win32
		{E7542752-E293-42F4-B5AC-3B6DA41BD908}.Debug|x64.ActiveCfg = Debug|x64
		{E7542752-E293-42F4-B5AC-3B6DA41BD908}.Debug|x64.Build.0 = Debug|x64
		{E7542752-E293-42F4-B5AC-3B6DA41BD908}.Debug|x86.ActiveCfg = Debug|Win32
		{E7542752-E293-42F4-B5AC-3B6DA41BD908}.Debug|x86.Build.0 = Debug|Win32
		{E7542752-E293-42F4-B5AC-3B6DA41BD908}.Release DLL|x64.ActiveCfg = Release|x64
		{E7542752-E293-42F4-B5AC-3B6DA41BD908}.Release DLL|x64.Build.0 = Release|x64
		{E7542752-E293-42F4-B5AC-3B6DA41BD908}.Release DLL|x86.ActiveCfg = Release|Win32
		{E7542752-E293-42F4-B5AC-3B6DA41BD908}.Release DLL|x86.Build.0 = Release|Win32
		{E7542752-E293-42F4-B5AC-3B6DA41BD908}.Release static|x64.ActiveCfg = Release|x64
		{E7542752-E293-42F4-B5AC-3B6DA41BD908}.Release static|x64.Build.0 = Release|x64
		{E7542752-E293-42F4-B5AC-3B6DA41BD908}.Release static|x86.ActiveCfg = Release|Win32
		{E7542752-E293-42F4-B5AC-3B6DA41BD908}.Release static|x86.Build.0 = Release|Win32
		{E7542752-E293-42F4-B5AC-3B6DA41BD908}.Release|x64.ActiveCfg = Release|x64
		{E7542752-E293-42F4-B5AC-3B6DA41BD908}.Release|x64.Build.0 = Release|x64
		{E7542752-E293-42F4-B5AC-3B6DA41BD908}.Release|x86.ActiveCfg = Release|Win32
		{E7542752-E293-42F4-B5AC-3B6DA41BD908}.Release|x86.Build.0 = Release|Win32
		{C870874B-BFFE-4AE9-AD8A-6F1A400381AB}.Debug static|x64.ActiveCfg = Debug|x64
		{C870874B-BFFE-4AE9-AD8A-6F1A400381AB}.Debug static|x64.Build.0 = Debug|x64
		{C870874B-BFFE-4AE9-AD8A-6F1A400381AB}.Debug static|x86.ActiveCfg = Debug|Win32
		{C870874B-BFFE-4AE9-AD8A-6F1A400381AB}.Debug static|x86.Build.0 = Debug|Win32
		{C870874B-BFFE-4AE9-AD8A-6F1A400381AB}.Debug|x64.ActiveCfg = Debug|x64
		{C870874B-BFFE-4AE9-AD8A-6F1A400381AB}.Debug|x64.Build.0 = Debug|x64
		{C870874B-BFFE-4AE9-AD8A-6F1A400381AB}.Debug|x86.ActiveCfg = Debug|Win32
		{C870874B-BFFE-4AE9-AD8A-6F1A400381AB}.Debug|x86.Build.0 = Debug|Win32
		{C870874B-BFFE-4AE9-AD8A-6F1A400381AB}.Release DLL|x64.ActiveCfg = Release|x64
		{C870874B-BFFE-4AE9-AD8A-6F1A400381AB}.Release DLL|x64.Build.0 = Release|x64
		{C870874B-BFFE-4AE9-AD8A-6F1A400381AB}.Release DLL|x86.ActiveCfg = Release|Win32
		{C870874B-BFFE-4AE9-AD8A-6F1A400381AB}.Release DLL|x86.Build.0 = Release|Win32
		{C870874B-BFFE-4AE9-AD8A-6F1A400381AB}.Release static|x64.ActiveCfg = Release|x64
		{C870874B-BFFE-4AE9-AD8A-6F1A400381AB}.Release static|x64.Build.0 = Release|x64
		{C870874B-BFFE-4AE9-AD8A-6F1A400381AB}.Release static|x86.ActiveCfg = Release|Win32
		{C870874B-BFFE-4AE9-AD8A-6F1A400381AB}.Release static|x86.Build.0 = Release|Win32
		{C870874B-BFFE-4AE9-AD8A-6F1A400381AB}.Release|x64.ActiveCfg = Release|x64
		{C870874B-BFFE-4AE9-AD8A-6F1A400381AB}.Release|x64.Build.0 = Release|x64
		{C870874B-BFFE-4AE9-AD8A-6F1A400381AB}.Release|x86.ActiveCfg = Release|Win32
		{C870874B-BFFE-4AE9-AD8A-6F1A400381AB}.Release|x86.Build.0 = Release|Win32
		{8BFD8150-94D5-4BF9-8A50-7BD9929A0850}.Debug static|x64.ActiveCfg = Debug|x64
		{8BFD8150-94D5-4BF9-8A50-7BD9929A0850}.Debug static|x64.Build.0 = Debug|x64
		{8BFD8150-94D5-4BF9-8A50-7BD9929A0850}.Debug static|x86.ActiveCfg = Debug|Win32
		{8BFD8150-94D5-4BF9-8A50-7BD9929A0850}.Debug static|x86.Build.0 = Debug|Win32
		{8BFD8150-94D5-4BF9-8A50-7BD9929A0850}.Debug|x64.ActiveCfg = Debug|x64
		{8BFD8150-94D5-4BF9-8A50-7BD9929A0850}.Debug|x64.Build.0 = Debug|x64
		{8BFD8150-94D5-4BF9-8A50-7BD9929A0850}.Debug|x86.ActiveCfg = Debug|Win32
		{8BFD8150-94D5-4BF9-8A50-7BD9929A0850}.Debug|x86.Build.0 = Debug|Win32
		{8BFD8150-94D5-4BF9-8A50-7BD9929A0850}.Release DLL|x64.ActiveCfg = Release|x64
		{8BFD8150-94D5-4BF9-8A50-7BD9929A0850}.Release DLL|x64.Build.0 = Release|x64
		{8BFD8150-94D5-4BF9-8A50-7BD9929A0850}.Release DLL|x86.ActiveCfg = Release|Win32
		{8BFD8150-94D5-4BF9-8A50-7BD9929A0850}.Release DLL|x86.Build.0 = Release|Win32
		{8BFD8150-94D5-4BF9-8A50-7BD9929A0850}.Release static|x64.ActiveCfg = Release|x64
		{8BFD8150-94D5-4BF9-8A50-7BD9929A0850}.Release static|x64.Build.0 = Release|x64
		{8BFD8150-94D5-4BF9-8A50-7BD9929A0850}.Release static|x86.ActiveCfg = Release|Win32
		{8BFD8150-94D5-4BF9-8A50-7BD9929A0850}.Release static|x86.Build.0 = Release|Win32
		{8BFD8150-94D5-4BF9-8A50-7BD9929A0850}.Release|x64.ActiveCfg = Release|x64
		{8BFD8150-94D5-4BF9-8A50-7BD9929A0850}.Release|x64.Build.0 = Release|x64
		{8BFD8150-94D5-4BF9-8A50-7BD9929A0850}.Release|x86.ActiveCfg = Release|Win32
		{8BFD8150-94D5-4BF9-8A50-7BD9929A0850}.Release|x86.Build.0 = Release|Win32
		{E070AAFC-9D03-41A3-BC7D-30887EA0D50F}.Debug static|x64.ActiveCfg = Debug|x64
		{E070AAFC-9D03-41A3-BC7D-30887EA0D50F}.Debug static|x64.Build.0 = Debug|x64
		{E070AAFC-9D03-41A3-BC7D-30887EA0D50F}.Debug static|x86.ActiveCfg = Debug|Win32
		{E070AAFC-9D03-41A3-BC7D-30887EA0D50F}.Debug static|x86.Build.0 = Debug|Win32
		{E070AAFC-9D03-41A3-BC7D-30887EA0D50F}.Debug|x64.ActiveCfg = Debug|x64
		{E070AAFC-9D03-41A3-BC7D-30887EA0D50F}.Debug|x64.Build.0 = Debug|x64
		{E070AAFC-9D03-41A3-BC7D-30887EA0D50F}.Debug|x86.ActiveCfg = Debug|Win32
		{E070AAFC-9D03-41A3-BC7D-30887EA0D50F}.Debug|x86.Build.0 = Debug|Win32
		{E070AAFC-9D03-41A3-BC7D-30887EA0D50F}.Release DLL|x64.ActiveCfg = Release|x64
		{E070AAFC-9D03-41A3-BC7D-30887EA0D50F}.Release DLL|x64.Build.0 = Release|x64
		{E070AAFC-9D03-41A3-BC7D-30887EA0D50F}.Release DLL|x86.ActiveCfg = Release|Win32
		{E070AAFC-9D03-41A3-BC7D-30887EA0D50F}.Release DLL|x86.Build.0 = Release|Win32
		{E070AAFC-9D03-41A3-BC7D-30887EA0D50F}.Release static|x64.ActiveCfg = Release|x64
		{E070AAFC-9D03-41A3-BC7D-30887EA0D50F}.Release static|x64.Build.0 = Release|x64
		{E070AAFC-9D03-41A3-BC7D-30887EA0D50F}.Release static|x86.ActiveCfg = Release|Win32
		{E070AAFC-9D03-41A3-BC7D-30887EA0D50F}.Release static|x86.Build.0 = Release|Win32
		{E070AAFC-9D03-41A3-BC7D-30887EA0D50F}.Release|x64.ActiveCfg = Release|x64
		{E070AAFC-9D03-41A3-BC7D-30887EA0D50F}.Release|x64.Build.0 = Release|x64
		{E070AAFC-9D03-41A3-BC7D-30887EA0D50F}.Release|x86.ActiveCfg = Release|Win32
		{E070AAFC-9D03-41A3-BC7D-30887EA0D50F}.Release|x86.Build.0 = Release|Win32
		{6E8E1663-B88D-4454-ADF2-279666A93306}.Debug static|x64.ActiveCfg = Debug|x64
		{6E8E1663-B88D-4454-ADF2-279666A93306}.Debug static|x64.Build.0 = Debug|x64
		{6E8E1663-B88D-4454-ADF2-279666A93306}.Debug static|x86.ActiveCfg = Debug|Win32
		{6E8E1663-B88D-4454-ADF2-279666A93306}.Debug static|x86.Build.0 = Debug|Win32
		{6E8E1663-B88D-4454-ADF2-279666A93306}.Debug|x64.ActiveCfg = Debug|x64
		{6E8E1663-B88D-4454-ADF2-279666A93306}.Debug|x64.Build.0 = Debug|x64
		{6E8E1663-B88D-4454-ADF2-279666A93306}.Debug|x86.ActiveCfg = Debug|Win32
		{6E8E1663-B88D-4454-ADF2-279666A93306}.Debug|x86.Build.0 = Debug|Win32
		{6E8E1663-B88D-4454-ADF2-279666A93306}.Release DLL|x64.ActiveCfg = Release|x64
		{6E8E1663-B88D-4454-ADF2-279666A93306}.Release DLL|x64.Build.0 = Release|x64
		{6E8E1663-B88D-4454-ADF2-279666A93306}.Release DLL|x86.ActiveCfg = Release|Win32
		{6E8E1663-B88D-4454-ADF2-279666A93306}.Release DLL|x86.Build.0 = Release|Win32
		{6E8E1663-B88D-4454-ADF2-279666A93306}.Release static|x64.ActiveCfg = Release|x64
		{6E8E1663-B88D-4454-ADF2-279666A93306}.Release static|x64.Build.0 = Release|x64
		{6E8E1663-B88D-4454-ADF2-279666A93306}.Release static|x86.ActiveCfg = Release|Win32
		{6E8E1663-B88D-4454-ADF2-279666A93306}.Release static|x86.Build.0 = Release|Win32
		{6E8E1663-B88D-4454-ADF2-279666A93306}.Release|x64.ActiveCfg = Release|x64
		{6E8E1663-B88D-4454-ADF2-279666A93306}.Release|x64.Build.0 = Release|x64
		{6E8E1663-B88D-4454-ADF2-279666A93306}.Release|x86.ActiveCfg = Release|Win32
		{6E8E1663-B88D-4454-ADF2-279666A93306}.Release|x86.Build.0 = Release|Win32
	EndGlobalSection
	GlobalSection(SolutionProperties) = preSolution
		HideSolutionNode = FALSE
	EndGlobalSection
	GlobalSection(NestedProjects) = preSolution
		{E070AAFC-9D03-41A3-BC7D-30887EA0D50F} = {30F909A6-587A-4723-B8CF-2A9ED07ECCFA}
		{6E8E1663-B88D-4454-ADF2-279666A93306} = {30F909A6-587A-4723-B8CF-2A9ED07ECCFA}
	EndGlobalSection
EndGlobal
