<?xml version="1.0" encoding="utf-8"?>
<Project ToolsVersion="4.0" xmlns="http://schemas.microsoft.com/developer/msbuild/2003">
  <ItemGroup>
    <Filter Include="Network">
      <UniqueIdentifier>{ab4646b5-1090-4107-a2da-01d90b5069b5}</UniqueIdentifier>
    </Filter>
    <Filter Include="Utilities">
      <UniqueIdentifier>{375b01d4-71b3-4f5e-8c08-102373b6121d}</UniqueIdentifier>
    </Filter>
    <Filter Include="Server">
      <UniqueIdentifier>{581a85e1-4b37-4374-8238-60a55ffdbad6}</UniqueIdentifier>
    </Filter>
    <Filter Include="UI">
      <UniqueIdentifier>{8d33d3f9-7cbd-4994-a8ad-8079816f8da7}</UniqueIdentifier>
    </Filter>
    <Filter Include="Capturing">
      <UniqueIdentifier>{1fcdd7ac-ba8f-4001-9902-9ccbc503c1ed}</UniqueIdentifier>
    </Filter>
    <Filter Include="wwwroot">
      <UniqueIdentifier>{7279f241-ad1e-4f43-b7f4-eb750c7c471b}</UniqueIdentifier>
    </Filter>
    <Filter Include="Network\Socket">
      <UniqueIdentifier>{188948fc-5d34-4575-a9d3-a71b8874d246}</UniqueIdentifier>
    </Filter>
    <Filter Include="Network\Listener">
      <UniqueIdentifier>{76275ea7-aa5e-4ba7-bb07-8de9f16ca40c}</UniqueIdentifier>
    </Filter>
    <Filter Include="Network\Driver">
      <UniqueIdentifier>{514daf98-3c44-4f3b-a56f-1dae42a01c74}</UniqueIdentifier>
    </Filter>
  </ItemGroup>
  <ItemGroup>
    <ClInclude Include="stdafx.h" />
    <ClInclude Include="ThreadPool.h">
      <Filter>Utilities</Filter>
    </ClInclude>
    <ClInclude Include="Image.h">
      <Filter>Utilities</Filter>
    </ClInclude>
    <ClInclude Include="Screen.h">
      <Filter>Capturing</Filter>
    </ClInclude>
    <ClInclude Include="Mouse.h">
      <Filter>Capturing</Filter>
    </ClInclude>
    <ClInclude Include="Shapes.h">
      <Filter>Utilities</Filter>
    </ClInclude>
    <ClInclude Include="SocketStats.h">
      <Filter>Network</Filter>
    </ClInclude>
    <ClInclude Include="Server.h">
      <Filter>Server</Filter>
    </ClInclude>
    <ClInclude Include="ConnectWindow.h">
      <Filter>UI</Filter>
    </ClInclude>
    <ClInclude Include="Server_Config.h">
      <Filter>Network</Filter>
    </ClInclude>
    <ClInclude Include="IO_Runner.h">
      <Filter>Network</Filter>
    </ClInclude>
    <ClInclude Include="ApplicationDirectory.h">
      <Filter>Utilities</Filter>
    </ClInclude>
    <ClInclude Include="HttpSocket.h">
      <Filter>Network\Socket</Filter>
    </ClInclude>
    <ClInclude Include="WebSocket.h">
      <Filter>Network\Socket</Filter>
    </ClInclude>
    <ClInclude Include="TCPSocket.h">
      <Filter>Network\Socket</Filter>
    </ClInclude>
    <ClInclude Include="ISocket.h">
      <Filter>Network\Socket</Filter>
    </ClInclude>
    <ClInclude Include="TCPListener.h">
      <Filter>Network\Listener</Filter>
    </ClInclude>
    <ClInclude Include="WebSocketListener.h">
      <Filter>Network\Listener</Filter>
    </ClInclude>
    <ClInclude Include="HttpListener.h">
      <Filter>Network\Listener</Filter>
    </ClInclude>
    <ClInclude Include="ClientNetworkDriver.h">
      <Filter>Network\Driver</Filter>
    </ClInclude>
    <ClInclude Include="IBaseNetworkDriver.h">
      <Filter>Network\Driver</Filter>
    </ClInclude>
    <ClInclude Include="ServerNetworkDriver.h">
      <Filter>Network\Driver</Filter>
    </ClInclude>
    <ClInclude Include="WebSocketServerNetworkDriver.h">
      <Filter>Network\Driver</Filter>
    </ClInclude>
    <ClInclude Include="ViewerWindow.h">
      <Filter>UI</Filter>
    </ClInclude>
    <ClInclude Include="crypto.hpp">
      <Filter>Utilities</Filter>
    </ClInclude>
    <ClInclude Include="IServerDriver.h">
      <Filter>Network\Driver</Filter>
    </ClInclude>
    <ClInclude Include="Packet.h">
      <Filter>Network</Filter>
    </ClInclude>
    <ClInclude Include="IClientDriver.h">
      <Filter>Network\Driver</Filter>
    </ClInclude>
  </ItemGroup>
  <ItemGroup>
    <ClCompile Include="stdafx.cpp" />
    <ClCompile Include="Image.cpp">
      <Filter>Utilities</Filter>
    </ClCompile>
    <ClCompile Include="Screen.cpp">
      <Filter>Capturing</Filter>
    </ClCompile>
    <ClCompile Include="Mouse.cpp">
      <Filter>Capturing</Filter>
    </ClCompile>
    <ClCompile Include="Server.cpp">
      <Filter>Server</Filter>
    </ClCompile>
    <ClCompile Include="ConnectWindow.cpp">
      <Filter>UI</Filter>
    </ClCompile>
    <ClCompile Include="IO_Runner.cpp">
      <Filter>Network</Filter>
    </ClCompile>
    <ClCompile Include="ApplicationDirectory.cpp">
      <Filter>Utilities</Filter>
    </ClCompile>
    <ClCompile Include="HttpSocket.cpp">
      <Filter>Network\Socket</Filter>
    </ClCompile>
    <ClCompile Include="WebSocket.cpp">
      <Filter>Network\Socket</Filter>
    </ClCompile>
    <ClCompile Include="TCPSocket.cpp">
      <Filter>Network\Socket</Filter>
    </ClCompile>
    <ClCompile Include="TCPListener.cpp">
      <Filter>Network\Listener</Filter>
    </ClCompile>
    <ClCompile Include="WebSocketListener.cpp">
      <Filter>Network\Listener</Filter>
    </ClCompile>
    <ClCompile Include="HttpListener.cpp">
      <Filter>Network\Listener</Filter>
    </ClCompile>
    <ClCompile Include="ClientNetworkDriver.cpp">
      <Filter>Network\Driver</Filter>
    </ClCompile>
    <ClCompile Include="ServerNetworkDriver.cpp">
      <Filter>Network\Driver</Filter>
    </ClCompile>
    <ClCompile Include="ViewerWindow.cpp">
      <Filter>UI</Filter>
    </ClCompile>
  </ItemGroup>
  <ItemGroup>
    <None Include="index.html">
      <Filter>wwwroot</Filter>
    </None>
  </ItemGroup>
</Project>