<?xml version="1.0" encoding="utf-8"?>
<Project ToolsVersion="4.0" xmlns="http://schemas.microsoft.com/developer/msbuild/2003">
  <ItemGroup>
    <Filter Include="Network">
      <UniqueIdentifier>{ab4646b5-1090-4107-a2da-01d90b5069b5}</UniqueIdentifier>
    </Filter>
    <Filter Include="Utilities">
      <UniqueIdentifier>{375b01d4-71b3-4f5e-8c08-102373b6121d}</UniqueIdentifier>
    </Filter>
    <Filter Include="Server">
      <UniqueIdentifier>{581a85e1-4b37-4374-8238-60a55ffdbad6}</UniqueIdentifier>
    </Filter>
    <Filter Include="Capturing">
      <UniqueIdentifier>{1fcdd7ac-ba8f-4001-9902-9ccbc503c1ed}</UniqueIdentifier>
    </Filter>
    <Filter Include="wwwroot">
      <UniqueIdentifier>{7279f241-ad1e-4f43-b7f4-eb750c7c471b}</UniqueIdentifier>
    </Filter>
    <Filter Include="Network\Socket">
      <UniqueIdentifier>{188948fc-5d34-4575-a9d3-a71b8874d246}</UniqueIdentifier>
    </Filter>
    <Filter Include="Network\Listener">
      <UniqueIdentifier>{76275ea7-aa5e-4ba7-bb07-8de9f16ca40c}</UniqueIdentifier>
    </Filter>
    <Filter Include="Network\Driver">
      <UniqueIdentifier>{514daf98-3c44-4f3b-a56f-1dae42a01c74}</UniqueIdentifier>
    </Filter>
    <Filter Include="Compression">
      <UniqueIdentifier>{f1fabd8f-0c85-405d-8b96-5aef9153d5ba}</UniqueIdentifier>
    </Filter>
  </ItemGroup>
  <ItemGroup>
    <ClInclude Include="stdafx.h" />
    <ClInclude Include="ThreadPool.h">
      <Filter>Utilities</Filter>
    </ClInclude>
    <ClInclude Include="Image.h">
      <Filter>Utilities</Filter>
    </ClInclude>
    <ClInclude Include="Screen.h">
      <Filter>Capturing</Filter>
    </ClInclude>
    <ClInclude Include="Mouse.h">
      <Filter>Capturing</Filter>
    </ClInclude>
    <ClInclude Include="Shapes.h">
      <Filter>Utilities</Filter>
    </ClInclude>
    <ClInclude Include="SocketStats.h">
      <Filter>Network</Filter>
    </ClInclude>
    <ClInclude Include="Server.h">
      <Filter>Server</Filter>
    </ClInclude>
    <ClInclude Include="Server_Config.h">
      <Filter>Network</Filter>
    </ClInclude>
    <ClInclude Include="IO_Runner.h">
      <Filter>Network</Filter>
    </ClInclude>
    <ClInclude Include="ApplicationDirectory.h">
      <Filter>Utilities</Filter>
    </ClInclude>
    <ClInclude Include="HttpSocket.h">
      <Filter>Network\Socket</Filter>
    </ClInclude>
    <ClInclude Include="WebSocket.h">
      <Filter>Network\Socket</Filter>
    </ClInclude>
    <ClInclude Include="TCPSocket.h">
      <Filter>Network\Socket</Filter>
    </ClInclude>
    <ClInclude Include="ISocket.h">
      <Filter>Network\Socket</Filter>
    </ClInclude>
    <ClInclude Include="TCPListener.h">
      <Filter>Network\Listener</Filter>
    </ClInclude>
    <ClInclude Include="WebSocketListener.h">
      <Filter>Network\Listener</Filter>
    </ClInclude>
    <ClInclude Include="HttpListener.h">
      <Filter>Network\Listener</Filter>
    </ClInclude>
    <ClInclude Include="ClientNetworkDriver.h">
      <Filter>Network\Driver</Filter>
    </ClInclude>
    <ClInclude Include="IBaseNetworkDriver.h">
      <Filter>Network\Driver</Filter>
    </ClInclude>
    <ClInclude Include="ServerNetworkDriver.h">
      <Filter>Network\Driver</Filter>
    </ClInclude>
    <ClInclude Include="crypto.hpp">
      <Filter>Utilities</Filter>
    </ClInclude>
    <ClInclude Include="IServerDriver.h">
      <Filter>Network\Driver</Filter>
    </ClInclude>
    <ClInclude Include="Packet.h">
      <Filter>Network</Filter>
    </ClInclude>
    <ClInclude Include="IClientDriver.h">
      <Filter>Network\Driver</Filter>
    </ClInclude>
    <ClInclude Include="SocketImpl.h">
      <Filter>Network\Socket</Filter>
    </ClInclude>
    <ClInclude Include="HttpHeader.h">
      <Filter>Network\Socket</Filter>
    </ClInclude>
    <ClInclude Include="huff0.h">
      <Filter>Compression</Filter>
    </ClInclude>
    <ClInclude Include="huff0_static.h">
      <Filter>Compression</Filter>
    </ClInclude>
    <ClInclude Include="mem.h">
      <Filter>Compression</Filter>
    </ClInclude>
    <ClInclude Include="zbuff.h">
      <Filter>Compression</Filter>
    </ClInclude>
    <ClInclude Include="zbuff_static.h">
      <Filter>Compression</Filter>
    </ClInclude>
    <ClInclude Include="zdict.h">
      <Filter>Compression</Filter>
    </ClInclude>
    <ClInclude Include="zdict_static.h">
      <Filter>Compression</Filter>
    </ClInclude>
    <ClInclude Include="zstd.h">
      <Filter>Compression</Filter>
    </ClInclude>
    <ClInclude Include="zstd_internal.h">
      <Filter>Compression</Filter>
    </ClInclude>
    <ClInclude Include="zstd_opt.h">
      <Filter>Compression</Filter>
    </ClInclude>
    <ClInclude Include="zstd_static.h">
      <Filter>Compression</Filter>
    </ClInclude>
    <ClInclude Include="bitstream.h">
      <Filter>Compression</Filter>
    </ClInclude>
    <ClInclude Include="divsufsort.h">
      <Filter>Compression</Filter>
    </ClInclude>
    <ClInclude Include="error_private.h">
      <Filter>Compression</Filter>
    </ClInclude>
    <ClInclude Include="error_public.h">
      <Filter>Compression</Filter>
    </ClInclude>
    <ClInclude Include="fse.h">
      <Filter>Compression</Filter>
    </ClInclude>
    <ClInclude Include="fse_static.h">
      <Filter>Compression</Filter>
    </ClInclude>
    <ClInclude Include="MediaTypes.h">
      <Filter>Utilities</Filter>
    </ClInclude>
    <ClInclude Include="Network_Structs.h">
      <Filter>Network</Filter>
    </ClInclude>
  </ItemGroup>
  <ItemGroup>
    <ClCompile Include="stdafx.cpp" />
    <ClCompile Include="Image.cpp">
      <Filter>Utilities</Filter>
    </ClCompile>
    <ClCompile Include="Screen.cpp">
      <Filter>Capturing</Filter>
    </ClCompile>
    <ClCompile Include="Mouse.cpp">
      <Filter>Capturing</Filter>
    </ClCompile>
    <ClCompile Include="Server.cpp">
      <Filter>Server</Filter>
    </ClCompile>
    <ClCompile Include="IO_Runner.cpp">
      <Filter>Network</Filter>
    </ClCompile>
    <ClCompile Include="ApplicationDirectory.cpp">
      <Filter>Utilities</Filter>
    </ClCompile>
    <ClCompile Include="WebSocketListener.cpp">
      <Filter>Network\Listener</Filter>
    </ClCompile>
    <ClCompile Include="HttpListener.cpp">
      <Filter>Network\Listener</Filter>
    </ClCompile>
    <ClCompile Include="ClientNetworkDriver.cpp">
      <Filter>Network\Driver</Filter>
    </ClCompile>
    <ClCompile Include="ServerNetworkDriver.cpp">
      <Filter>Network\Driver</Filter>
    </ClCompile>
    <ClCompile Include="SocketImpl.cpp">
      <Filter>Network\Socket</Filter>
    </ClCompile>
    <ClCompile Include="HttpHeader.cpp">
      <Filter>Network\Socket</Filter>
    </ClCompile>
    <ClCompile Include="zbuff.c">
      <Filter>Compression</Filter>
    </ClCompile>
    <ClCompile Include="zdict.c">
      <Filter>Compression</Filter>
    </ClCompile>
    <ClCompile Include="zstd_compress.c">
      <Filter>Compression</Filter>
    </ClCompile>
    <ClCompile Include="zstd_decompress.c">
      <Filter>Compression</Filter>
    </ClCompile>
    <ClCompile Include="divsufsort.c">
      <Filter>Compression</Filter>
    </ClCompile>
    <ClCompile Include="fse.c">
      <Filter>Compression</Filter>
    </ClCompile>
    <ClCompile Include="huff0.c">
      <Filter>Compression</Filter>
    </ClCompile>
    <ClCompile Include="MediaTypes.cpp">
      <Filter>Utilities</Filter>
    </ClCompile>
  </ItemGroup>
  <ItemGroup>
    <None Include="index.html">
      <Filter>wwwroot</Filter>
    </None>
    <None Include="favicon.ico">
      <Filter>wwwroot</Filter>
    </None>
    <None Include="packages.config" />
    <None Include="zstd.js">
      <Filter>wwwroot</Filter>
    </None>
    <None Include="zstd.js.mem">
      <Filter>wwwroot</Filter>
    </None>
    <None Include="arrow.png">
      <Filter>wwwroot</Filter>
    </None>
    <None Include="cross.png">
      <Filter>wwwroot</Filter>
    </None>
    <None Include="help.png">
      <Filter>wwwroot</Filter>
    </None>
    <None Include="ne-resize.png">
      <Filter>wwwroot</Filter>
    </None>
    <None Include="ns-resize.png">
      <Filter>wwwroot</Filter>
    </None>
    <None Include="nw-resize.png">
      <Filter>wwwroot</Filter>
    </None>
    <None Include="text.png">
      <Filter>wwwroot</Filter>
    </None>
    <None Include="wait.png">
      <Filter>wwwroot</Filter>
    </None>
    <None Include="we-resize.png">
      <Filter>wwwroot</Filter>
    </None>
  </ItemGroup>
  <ItemGroup>
    <Image Include="hand.png">
      <Filter>wwwroot</Filter>
    </Image>
  </ItemGroup>
</Project>